{
  "name": "arras",
  "version": "1.0.0",
  "lockfileVersion": 2,
  "requires": true,
  "packages": {
    "": {
      "name": "arras",
      "version": "1.0.0",
      "license": "GPL-3.0",
      "dependencies": {
        "google-closure-library": "20180506.0.0",
        "ws": "6.1.x"
      },
      "engines": {
        "node": "16.x"
      }
    },
    "node_modules/google-closure-library": {
      "version": "20180506.0.0",
      "resolved": "https://registry.npmjs.org/google-closure-library/-/google-closure-library-20180506.0.0.tgz",
      "integrity": "sha1-LS2pLCfBDcADE//4ClFYtVTKmQg="
    },
    "node_modules/ws": {
      "version": "6.1.4",
      "resolved": "https://registry.npmjs.org/ws/-/ws-6.1.4.tgz",
      "integrity": "sha512-eqZfL+NE/YQc1/ZynhojeV8q+H050oR8AZ2uIev7RU10svA9ZnJUddHcOUZTJLinZ9yEfdA2kSATS2qZK5fhJA==",
      "dependencies": {
        "async-limiter": "~1.0.0"
      }
    },
    "node_modules/ws/node_modules/async-limiter": {
      "version": "1.0.1",
      "resolved": "https://registry.npmjs.org/async-limiter/-/async-limiter-1.0.1.tgz",
      "integrity": "sha512-csOlWGAcRFJaI6m+F2WKdnMKr4HhdhFVBk0H/QbJFMCr+uO2kwohwXQPxw/9OCxp05r5ghVBFSyioixx3gfkNQ=="
    }
  },
  "dependencies": {
    "google-closure-library": {
      "version": "20180506.0.0",
      "resolved": "https://registry.npmjs.org/google-closure-library/-/google-closure-library-20180506.0.0.tgz",
      "integrity": "sha1-LS2pLCfBDcADE//4ClFYtVTKmQg="
    },
    "ws": {
      "version": "6.1.4",
      "resolved": "https://registry.npmjs.org/ws/-/ws-6.1.4.tgz",
      "integrity": "sha512-eqZfL+NE/YQc1/ZynhojeV8q+H050oR8AZ2uIev7RU10svA9ZnJUddHcOUZTJLinZ9yEfdA2kSATS2qZK5fhJA==",
      "requires": {
        "async-limiter": "~1.0.0"
      },
      "dependencies": {
        "async-limiter": {
          "version": "1.0.1",
          "resolved": "https://registry.npmjs.org/async-limiter/-/async-limiter-1.0.1.tgz",
          "integrity": "sha512-csOlWGAcRFJaI6m+F2WKdnMKr4HhdhFVBk0H/QbJFMCr+uO2kwohwXQPxw/9OCxp05r5ghVBFSyioixx3gfkNQ=="
        }
      }
    }
  }
}
